
Microsoft Visual Studio Solution File, Format Version 12.00
# Visual Studio Version 16
VisualStudioVersion = 16.0.31105.61
MinimumVisualStudioVersion = 10.0.40219.1
Project("{FAE04EC0-301F-11D3-BF4B-00C04F79EFBC}") = "CokKatmanliMimari.Web", "CokKatmanliMimari.Web\CokKatmanliMimari.Web.csproj", "{8391DDD1-5939-4AD9-9368-CF8131D71A17}"
EndProject
Project("{FAE04EC0-301F-11D3-BF4B-00C04F79EFBC}") = "CokKatmanliMimari.Varlik", "CokKatmanliMimari.Varlik\CokKatmanliMimari.Varlik.csproj", "{17167F4A-50A0-486B-8D0A-A1A91E2364A7}"
EndProject
Project("{FAE04EC0-301F-11D3-BF4B-00C04F79EFBC}") = "CokKatmanliMimari.VeriIslemleri", "CokKatmanliMimari.VeriIslemleri\CokKatmanliMimari.VeriIslemleri.csproj", "{76EB8C99-F9C8-4E65-A5AA-B4398F592315}"
EndProject
Global
	GlobalSection(SolutionConfigurationPlatforms) = preSolution
		Debug|Any CPU = Debug|Any CPU
		Release|Any CPU = Release|Any CPU
	EndGlobalSection
	GlobalSection(ProjectConfigurationPlatforms) = postSolution
		{8391DDD1-5939-4AD9-9368-CF8131D71A17}.Debug|Any CPU.ActiveCfg = Debug|Any CPU
		{8391DDD1-5939-4AD9-9368-CF8131D71A17}.Debug|Any CPU.Build.0 = Debug|Any CPU
		{8391DDD1-5939-4AD9-9368-CF8131D71A17}.Release|Any CPU.ActiveCfg = Release|Any CPU
		{8391DDD1-5939-4AD9-9368-CF8131D71A17}.Release|Any CPU.Build.0 = Release|Any CPU
		{17167F4A-50A0-486B-8D0A-A1A91E2364A7}.Debug|Any CPU.ActiveCfg = Debug|Any CPU
		{17167F4A-50A0-486B-8D0A-A1A91E2364A7}.Debug|Any CPU.Build.0 = Debug|Any CPU
		{17167F4A-50A0-486B-8D0A-A1A91E2364A7}.Release|Any CPU.ActiveCfg = Release|Any CPU
		{17167F4A-50A0-486B-8D0A-A1A91E2364A7}.Release|Any CPU.Build.0 = Release|Any CPU
		{76EB8C99-F9C8-4E65-A5AA-B4398F592315}.Debug|Any CPU.ActiveCfg = Debug|Any CPU
		{76EB8C99-F9C8-4E65-A5AA-B4398F592315}.Debug|Any CPU.Build.0 = Debug|Any CPU
		{76EB8C99-F9C8-4E65-A5AA-B4398F592315}.Release|Any CPU.ActiveCfg = Release|Any CPU
		{76EB8C99-F9C8-4E65-A5AA-B4398F592315}.Release|Any CPU.Build.0 = Release|Any CPU
	EndGlobalSection
	GlobalSection(SolutionProperties) = preSolution
		HideSolutionNode = FALSE
	EndGlobalSection
	GlobalSection(ExtensibilityGlobals) = postSolution
		SolutionGuid = {0CEA6284-DC34-4F21-8C8C-B19355924975}
	EndGlobalSection
EndGlobal
