
Microsoft Visual Studio Solution File, Format Version 12.00
# Visual Studio Version 16
VisualStudioVersion = 16.0.31205.134
MinimumVisualStudioVersion = 10.0.40219.1
Project("{FAE04EC0-301F-11D3-BF4B-00C04F79EFBC}") = "WebAPIGiris1", "WebAPIGiris1\WebAPIGiris1.csproj", "{7E979DB8-A344-4243-ADCC-1160173007EE}"
EndProject
Global
	GlobalSection(SolutionConfigurationPlatforms) = preSolution
		Debug|Any CPU = Debug|Any CPU
		Release|Any CPU = Release|Any CPU
	EndGlobalSection
	GlobalSection(ProjectConfigurationPlatforms) = postSolution
		{7E979DB8-A344-4243-ADCC-1160173007EE}.Debug|Any CPU.ActiveCfg = Debug|Any CPU
		{7E979DB8-A344-4243-ADCC-1160173007EE}.Debug|Any CPU.Build.0 = Debug|Any CPU
		{7E979DB8-A344-4243-ADCC-1160173007EE}.Release|Any CPU.ActiveCfg = Release|Any CPU
		{7E979DB8-A344-4243-ADCC-1160173007EE}.Release|Any CPU.Build.0 = Release|Any CPU
	EndGlobalSection
	GlobalSection(SolutionProperties) = preSolution
		HideSolutionNode = FALSE
	EndGlobalSection
	GlobalSection(ExtensibilityGlobals) = postSolution
		SolutionGuid = {56458BAF-3ED6-4154-90A2-A73FAF02A20F}
	EndGlobalSection
EndGlobal
