
Microsoft Visual Studio Solution File, Format Version 12.00
# Visual Studio Version 16
VisualStudioVersion = 16.0.31105.61
MinimumVisualStudioVersion = 10.0.40219.1
Project("{FAE04EC0-301F-11D3-BF4B-00C04F79EFBC}") = "EFCoreGiris", "EFCoreGiris\EFCoreGiris.csproj", "{5B5DF4F2-C486-4DB0-8029-DE259EFF2CB4}"
EndProject
Global
	GlobalSection(SolutionConfigurationPlatforms) = preSolution
		Debug|Any CPU = Debug|Any CPU
		Release|Any CPU = Release|Any CPU
	EndGlobalSection
	GlobalSection(ProjectConfigurationPlatforms) = postSolution
		{5B5DF4F2-C486-4DB0-8029-DE259EFF2CB4}.Debug|Any CPU.ActiveCfg = Debug|Any CPU
		{5B5DF4F2-C486-4DB0-8029-DE259EFF2CB4}.Debug|Any CPU.Build.0 = Debug|Any CPU
		{5B5DF4F2-C486-4DB0-8029-DE259EFF2CB4}.Release|Any CPU.ActiveCfg = Release|Any CPU
		{5B5DF4F2-C486-4DB0-8029-DE259EFF2CB4}.Release|Any CPU.Build.0 = Release|Any CPU
	EndGlobalSection
	GlobalSection(SolutionProperties) = preSolution
		HideSolutionNode = FALSE
	EndGlobalSection
	GlobalSection(ExtensibilityGlobals) = postSolution
		SolutionGuid = {1C0CAE5E-D709-4289-8D83-E7D57E6CC0FD}
	EndGlobalSection
EndGlobal
